
Microsoft Visual Studio Solution File, Format Version 12.00
# Visual Studio Version 16
VisualStudioVersion = 16.0.31205.134
MinimumVisualStudioVersion = 10.0.40219.1
Project("{9A19103F-16F7-4668-BE54-9A1E7A4F7556}") = "EcomShopVers2", "EcomShopVers2.csproj", "{DE12929E-6581-4946-8969-9453DF99687F}"
EndProject
Project("{9A19103F-16F7-4668-BE54-9A1E7A4F7556}") = "EcommShop.DataAccessor", "..\EcommShop.DataAccessor\EcommShop.DataAccessor.csproj", "{317E6954-925F-4AE4-87D0-0E090A10F209}"
EndProject
Project("{9A19103F-16F7-4668-BE54-9A1E7A4F7556}") = "ECommShop.Business", "..\ECommShop.Business\ECommShop.Business.csproj", "{634FA2E4-69C6-4AD3-B413-08CC81DB9CCD}"
EndProject
Project("{9A19103F-16F7-4668-BE54-9A1E7A4F7556}") = "EcommShop.Contracts", "..\EcommShop.Contracts\EcommShop.Contracts.csproj", "{675946D3-731E-4780-836D-120510F897A9}"
EndProject
Project("{2150E333-8FDC-42A3-9474-1A3956D46DE8}") = "BackEnd", "BackEnd", "{4167E52D-C73B-4819-84D2-BF368486E8CA}"
EndProject
Project("{2150E333-8FDC-42A3-9474-1A3956D46DE8}") = "FontEnd", "FontEnd", "{D4D2DAF6-9108-46F8-AA27-CDC604B06570}"
EndProject
Project("{2150E333-8FDC-42A3-9474-1A3956D46DE8}") = "Libary", "Libary", "{99F7A0F2-6507-4CFE-A7E5-A4ECD1D6720D}"
EndProject
Project("{2150E333-8FDC-42A3-9474-1A3956D46DE8}") = "Test", "Test", "{53669A6E-5DE7-4E7F-98F7-CE53B628D6C5}"
EndProject
Project("{FAE04EC0-301F-11D3-BF4B-00C04F79EFBC}") = "EcommShopVer2.CustomerSite", "..\EcommShopVer2.CustomerSite\EcommShopVer2.CustomerSite.csproj", "{61C0001F-AD24-41E8-9ADD-6A8101F94596}"
EndProject
Project("{FAE04EC0-301F-11D3-BF4B-00C04F79EFBC}") = "EcommShopVer2.IntegrationTests", "..\EcommShopVer2.IntegrationTests\EcommShopVer2.IntegrationTests.csproj", "{A0210F11-5AB3-4DD9-8D51-829B09112538}"
EndProject
Global
	GlobalSection(SolutionConfigurationPlatforms) = preSolution
		Debug|Any CPU = Debug|Any CPU
		Release|Any CPU = Release|Any CPU
	EndGlobalSection
	GlobalSection(ProjectConfigurationPlatforms) = postSolution
		{DE12929E-6581-4946-8969-9453DF99687F}.Debug|Any CPU.ActiveCfg = Debug|Any CPU
		{DE12929E-6581-4946-8969-9453DF99687F}.Debug|Any CPU.Build.0 = Debug|Any CPU
		{DE12929E-6581-4946-8969-9453DF99687F}.Release|Any CPU.ActiveCfg = Release|Any CPU
		{DE12929E-6581-4946-8969-9453DF99687F}.Release|Any CPU.Build.0 = Release|Any CPU
		{317E6954-925F-4AE4-87D0-0E090A10F209}.Debug|Any CPU.ActiveCfg = Debug|Any CPU
		{317E6954-925F-4AE4-87D0-0E090A10F209}.Debug|Any CPU.Build.0 = Debug|Any CPU
		{317E6954-925F-4AE4-87D0-0E090A10F209}.Release|Any CPU.ActiveCfg = Release|Any CPU
		{317E6954-925F-4AE4-87D0-0E090A10F209}.Release|Any CPU.Build.0 = Release|Any CPU
		{634FA2E4-69C6-4AD3-B413-08CC81DB9CCD}.Debug|Any CPU.ActiveCfg = Debug|Any CPU
		{634FA2E4-69C6-4AD3-B413-08CC81DB9CCD}.Debug|Any CPU.Build.0 = Debug|Any CPU
		{634FA2E4-69C6-4AD3-B413-08CC81DB9CCD}.Release|Any CPU.ActiveCfg = Release|Any CPU
		{634FA2E4-69C6-4AD3-B413-08CC81DB9CCD}.Release|Any CPU.Build.0 = Release|Any CPU
		{675946D3-731E-4780-836D-120510F897A9}.Debug|Any CPU.ActiveCfg = Debug|Any CPU
		{675946D3-731E-4780-836D-120510F897A9}.Debug|Any CPU.Build.0 = Debug|Any CPU
		{675946D3-731E-4780-836D-120510F897A9}.Release|Any CPU.ActiveCfg = Release|Any CPU
		{675946D3-731E-4780-836D-120510F897A9}.Release|Any CPU.Build.0 = Release|Any CPU
		{61C0001F-AD24-41E8-9ADD-6A8101F94596}.Debug|Any CPU.ActiveCfg = Debug|Any CPU
		{61C0001F-AD24-41E8-9ADD-6A8101F94596}.Debug|Any CPU.Build.0 = Debug|Any CPU
		{61C0001F-AD24-41E8-9ADD-6A8101F94596}.Release|Any CPU.ActiveCfg = Release|Any CPU
		{61C0001F-AD24-41E8-9ADD-6A8101F94596}.Release|Any CPU.Build.0 = Release|Any CPU
		{A0210F11-5AB3-4DD9-8D51-829B09112538}.Debug|Any CPU.ActiveCfg = Debug|Any CPU
		{A0210F11-5AB3-4DD9-8D51-829B09112538}.Debug|Any CPU.Build.0 = Debug|Any CPU
		{A0210F11-5AB3-4DD9-8D51-829B09112538}.Release|Any CPU.ActiveCfg = Release|Any CPU
		{A0210F11-5AB3-4DD9-8D51-829B09112538}.Release|Any CPU.Build.0 = Release|Any CPU
	EndGlobalSection
	GlobalSection(SolutionProperties) = preSolution
		HideSolutionNode = FALSE
	EndGlobalSection
	GlobalSection(NestedProjects) = preSolution
		{DE12929E-6581-4946-8969-9453DF99687F} = {4167E52D-C73B-4819-84D2-BF368486E8CA}
		{317E6954-925F-4AE4-87D0-0E090A10F209} = {99F7A0F2-6507-4CFE-A7E5-A4ECD1D6720D}
		{634FA2E4-69C6-4AD3-B413-08CC81DB9CCD} = {99F7A0F2-6507-4CFE-A7E5-A4ECD1D6720D}
		{675946D3-731E-4780-836D-120510F897A9} = {99F7A0F2-6507-4CFE-A7E5-A4ECD1D6720D}
		{61C0001F-AD24-41E8-9ADD-6A8101F94596} = {D4D2DAF6-9108-46F8-AA27-CDC604B06570}
		{A0210F11-5AB3-4DD9-8D51-829B09112538} = {53669A6E-5DE7-4E7F-98F7-CE53B628D6C5}
	EndGlobalSection
	GlobalSection(ExtensibilityGlobals) = postSolution
		SolutionGuid = {BDAF5444-8D06-43FF-AE25-A890EA1B4069}
	EndGlobalSection
EndGlobal
